
Microsoft Visual Studio Solution File, Format Version 12.00
# Visual Studio Version 17
VisualStudioVersion = 17.12.35527.113 d17.12
MinimumVisualStudioVersion = 10.0.40219.1
Project("{FAE04EC0-301F-11D3-BF4B-00C04F79EFBC}") = "Seguradora", "Seguradora\Seguradora.csproj", "{36DED010-BE08-457E-949E-27B3EDD031CD}"
EndProject
Project("{FAE04EC0-301F-11D3-BF4B-00C04F79EFBC}") = "Seguradora.AppHost", "Seguradora.AppHost\Seguradora.AppHost.csproj", "{C3F5C9EA-8F08-4670-B933-8C7813BA0E2B}"
EndProject
Project("{FAE04EC0-301F-11D3-BF4B-00C04F79EFBC}") = "Seguradora.ServiceDefaults", "Seguradora.ServiceDefaults\Seguradora.ServiceDefaults.csproj", "{2AB08F98-8C26-4180-BE83-CF05D221B5C1}"
EndProject
Global
	GlobalSection(SolutionConfigurationPlatforms) = preSolution
		Debug|Any CPU = Debug|Any CPU
		Release|Any CPU = Release|Any CPU
	EndGlobalSection
	GlobalSection(ProjectConfigurationPlatforms) = postSolution
		{36DED010-BE08-457E-949E-27B3EDD031CD}.Debug|Any CPU.ActiveCfg = Debug|Any CPU
		{36DED010-BE08-457E-949E-27B3EDD031CD}.Debug|Any CPU.Build.0 = Debug|Any CPU
		{36DED010-BE08-457E-949E-27B3EDD031CD}.Release|Any CPU.ActiveCfg = Release|Any CPU
		{36DED010-BE08-457E-949E-27B3EDD031CD}.Release|Any CPU.Build.0 = Release|Any CPU
		{C3F5C9EA-8F08-4670-B933-8C7813BA0E2B}.Debug|Any CPU.ActiveCfg = Debug|Any CPU
		{C3F5C9EA-8F08-4670-B933-8C7813BA0E2B}.Debug|Any CPU.Build.0 = Debug|Any CPU
		{C3F5C9EA-8F08-4670-B933-8C7813BA0E2B}.Release|Any CPU.ActiveCfg = Release|Any CPU
		{C3F5C9EA-8F08-4670-B933-8C7813BA0E2B}.Release|Any CPU.Build.0 = Release|Any CPU
		{2AB08F98-8C26-4180-BE83-CF05D221B5C1}.Debug|Any CPU.ActiveCfg = Debug|Any CPU
		{2AB08F98-8C26-4180-BE83-CF05D221B5C1}.Debug|Any CPU.Build.0 = Debug|Any CPU
		{2AB08F98-8C26-4180-BE83-CF05D221B5C1}.Release|Any CPU.ActiveCfg = Release|Any CPU
		{2AB08F98-8C26-4180-BE83-CF05D221B5C1}.Release|Any CPU.Build.0 = Release|Any CPU
	EndGlobalSection
	GlobalSection(SolutionProperties) = preSolution
		HideSolutionNode = FALSE
	EndGlobalSection
EndGlobal
