
Microsoft Visual Studio Solution File, Format Version 12.00
# Visual Studio Version 17
VisualStudioVersion = 17.0.31903.59
MinimumVisualStudioVersion = 10.0.40219.1
Project("{FAE04EC0-301F-11D3-BF4B-00C04F79EFBC}") = "Seguradora.UI", "Seguradora.UI\Seguradora.UI.csproj", "{455E7E0D-5D94-457E-90F8-30E862A64441}"
EndProject
Project("{FAE04EC0-301F-11D3-BF4B-00C04F79EFBC}") = "Seguradora.Logica", "Seguradora.Logica\Seguradora.Logica.csproj", "{665062DC-A82F-4B79-B8A6-EC57EB44A601}"
EndProject
Project("{FAE04EC0-301F-11D3-BF4B-00C04F79EFBC}") = "Seguradora.Modelo", "Seguradora.Modelo\Seguradora.Modelo.csproj", "{B3759F84-5C93-407C-B800-26C62388D553}"
EndProject
Global
	GlobalSection(SolutionConfigurationPlatforms) = preSolution
		Debug|Any CPU = Debug|Any CPU
		Release|Any CPU = Release|Any CPU
	EndGlobalSection
	GlobalSection(SolutionProperties) = preSolution
		HideSolutionNode = FALSE
	EndGlobalSection
	GlobalSection(ProjectConfigurationPlatforms) = postSolution
		{455E7E0D-5D94-457E-90F8-30E862A64441}.Debug|Any CPU.ActiveCfg = Debug|Any CPU
		{455E7E0D-5D94-457E-90F8-30E862A64441}.Debug|Any CPU.Build.0 = Debug|Any CPU
		{455E7E0D-5D94-457E-90F8-30E862A64441}.Release|Any CPU.ActiveCfg = Release|Any CPU
		{455E7E0D-5D94-457E-90F8-30E862A64441}.Release|Any CPU.Build.0 = Release|Any CPU
		{665062DC-A82F-4B79-B8A6-EC57EB44A601}.Debug|Any CPU.ActiveCfg = Debug|Any CPU
		{665062DC-A82F-4B79-B8A6-EC57EB44A601}.Debug|Any CPU.Build.0 = Debug|Any CPU
		{665062DC-A82F-4B79-B8A6-EC57EB44A601}.Release|Any CPU.ActiveCfg = Release|Any CPU
		{665062DC-A82F-4B79-B8A6-EC57EB44A601}.Release|Any CPU.Build.0 = Release|Any CPU
		{B3759F84-5C93-407C-B800-26C62388D553}.Debug|Any CPU.ActiveCfg = Debug|Any CPU
		{B3759F84-5C93-407C-B800-26C62388D553}.Debug|Any CPU.Build.0 = Debug|Any CPU
		{B3759F84-5C93-407C-B800-26C62388D553}.Release|Any CPU.ActiveCfg = Release|Any CPU
		{B3759F84-5C93-407C-B800-26C62388D553}.Release|Any CPU.Build.0 = Release|Any CPU
	EndGlobalSection
EndGlobal
